# This file is automatically @generated by Cargo.
# It is not intended for manual editing.
[[package]]
name = "autocfg"
version = "0.1.7"
source = "registry+https://github.com/rust-lang/crates.io-index"
checksum = "1d49d90015b3c36167a20fe2810c5cd875ad504b39cff3d4eae7977e6b7c1cb2"

[[package]]
name = "cfg-if"
version = "0.1.10"
source = "registry+https://github.com/rust-lang/crates.io-index"
checksum = "4785bdd1c96b2a846b2bd7cc02e86b6b3dbf14e7e53446c4f54c92a361040822"

[[package]]
name = "common"
version = "0.1.0"
dependencies = [
 "crossbeam-channel",
]

[[package]]
name = "crossbeam-channel"
version = "0.4.0"
source = "registry+https://github.com/rust-lang/crates.io-index"
checksum = "acec9a3b0b3559f15aee4f90746c4e5e293b701c0f7d3925d24e01645267b68c"
dependencies = [
 "crossbeam-utils",
]

[[package]]
name = "crossbeam-utils"
version = "0.7.0"
source = "registry+https://github.com/rust-lang/crates.io-index"
checksum = "ce446db02cdc3165b94ae73111e570793400d0794e46125cc4056c81cbb039f4"
dependencies = [
 "autocfg",
 "cfg-if",
 "lazy_static",
]

[[package]]
name = "day01"
version = "0.1.0"
dependencies = [
 "common",
]

[[package]]
name = "day02"
version = "0.1.0"
dependencies = [
 "common",
]

[[package]]
name = "day03"
version = "0.1.0"
dependencies = [
 "common",
]

[[package]]
name = "day04"
version = "0.1.0"
dependencies = [
 "common",
]

[[package]]
name = "day05"
version = "0.1.0"
dependencies = [
 "common",
]

[[package]]
name = "day06"
version = "0.1.0"
dependencies = [
 "common",
]

[[package]]
name = "day07"
version = "0.1.0"
dependencies = [
 "common",
]

[[package]]
name = "day08"
version = "0.1.0"
dependencies = [
 "common",
]

[[package]]
name = "day09"
version = "0.1.0"
dependencies = [
 "common",
]

[[package]]
name = "day10"
version = "0.1.0"
dependencies = [
 "common",
]

[[package]]
name = "day11"
version = "0.1.0"
dependencies = [
 "common",
]

[[package]]
name = "day12"
version = "0.1.0"
dependencies = [
 "common",
]

[[package]]
name = "day13"
version = "0.1.0"
dependencies = [
 "common",
]

[[package]]
name = "lazy_static"
version = "1.4.0"
source = "registry+https://github.com/rust-lang/crates.io-index"
checksum = "e2abad23fbc42b3700f2f279844dc832adb2b2eb069b2df918f455c4e18cc646"
